
Microsoft Visual Studio Solution File, Format Version 12.00
# Visual Studio Version 17
VisualStudioVersion = 17.14.37012.4
MinimumVisualStudioVersion = 10.0.40219.1
Project("{FAE04EC0-301F-11D3-BF4B-00C04F79EFBC}") = "dndsitgen", "dndsitgen.csproj", "{69459FB5-A77E-4402-8C11-8DC8239AAF09}"
EndProject
Global
	GlobalSection(SolutionConfigurationPlatforms) = preSolution
		Debug|Any CPU = Debug|Any CPU
		Release|Any CPU = Release|Any CPU
	EndGlobalSection
	GlobalSection(ProjectConfigurationPlatforms) = postSolution
		{69459FB5-A77E-4402-8C11-8DC8239AAF09}.Debug|Any CPU.ActiveCfg = Debug|Any CPU
		{69459FB5-A77E-4402-8C11-8DC8239AAF09}.Debug|Any CPU.Build.0 = Debug|Any CPU
		{69459FB5-A77E-4402-8C11-8DC8239AAF09}.Release|Any CPU.ActiveCfg = Release|Any CPU
		{69459FB5-A77E-4402-8C11-8DC8239AAF09}.Release|Any CPU.Build.0 = Release|Any CPU
	EndGlobalSection
	GlobalSection(SolutionProperties) = preSolution
		HideSolutionNode = FALSE
	EndGlobalSection
	GlobalSection(ExtensibilityGlobals) = postSolution
		SolutionGuid = {AB50B25C-A373-4A39-8AA9-A5477E0415FB}
	EndGlobalSection
EndGlobal
